# This file is generated by running "yarn install" inside your project.
# Manual changes might be lost - proceed with caution!

__metadata:
  version: 8
  cacheKey: 10

"@biomejs/biome@npm:1.6.0":
  version: 1.6.0
  resolution: "@biomejs/biome@npm:1.6.0"
  dependencies:
    "@biomejs/cli-darwin-arm64": "npm:1.6.0"
    "@biomejs/cli-darwin-x64": "npm:1.6.0"
    "@biomejs/cli-linux-arm64": "npm:1.6.0"
    "@biomejs/cli-linux-arm64-musl": "npm:1.6.0"
    "@biomejs/cli-linux-x64": "npm:1.6.0"
    "@biomejs/cli-linux-x64-musl": "npm:1.6.0"
    "@biomejs/cli-win32-arm64": "npm:1.6.0"
    "@biomejs/cli-win32-x64": "npm:1.6.0"
  dependenciesMeta:
    "@biomejs/cli-darwin-arm64":
      optional: true
    "@biomejs/cli-darwin-x64":
      optional: true
    "@biomejs/cli-linux-arm64":
      optional: true
    "@biomejs/cli-linux-arm64-musl":
      optional: true
    "@biomejs/cli-linux-x64":
      optional: true
    "@biomejs/cli-linux-x64-musl":
      optional: true
    "@biomejs/cli-win32-arm64":
      optional: true
    "@biomejs/cli-win32-x64":
      optional: true
  bin:
    biome: bin/biome
  checksum: 10/abf8c4a6a153370c669af092a463ca480dfb6454c1290fecf99e46b27c8141de3958465eda6109cf7106e8196ad9ef287f89ea99107edd3f213217e0a10c72a6
  languageName: node
  linkType: hard

"@biomejs/cli-darwin-arm64@npm:1.6.0":
  version: 1.6.0
  resolution: "@biomejs/cli-darwin-arm64@npm:1.6.0"
  conditions: os=darwin & cpu=arm64
  languageName: node
  linkType: hard

"@biomejs/cli-darwin-x64@npm:1.6.0":
  version: 1.6.0
  resolution: "@biomejs/cli-darwin-x64@npm:1.6.0"
  conditions: os=darwin & cpu=x64
  languageName: node
  linkType: hard

"@biomejs/cli-linux-arm64-musl@npm:1.6.0":
  version: 1.6.0
  resolution: "@biomejs/cli-linux-arm64-musl@npm:1.6.0"
  conditions: os=linux & cpu=arm64 & libc=musl
  languageName: node
  linkType: hard

"@biomejs/cli-linux-arm64@npm:1.6.0":
  version: 1.6.0
  resolution: "@biomejs/cli-linux-arm64@npm:1.6.0"
  conditions: os=linux & cpu=arm64 & libc=glibc
  languageName: node
  linkType: hard

"@biomejs/cli-linux-x64-musl@npm:1.6.0":
  version: 1.6.0
  resolution: "@biomejs/cli-linux-x64-musl@npm:1.6.0"
  conditions: os=linux & cpu=x64 & libc=musl
  languageName: node
  linkType: hard

"@biomejs/cli-linux-x64@npm:1.6.0":
  version: 1.6.0
  resolution: "@biomejs/cli-linux-x64@npm:1.6.0"
  conditions: os=linux & cpu=x64 & libc=glibc
  languageName: node
  linkType: hard

"@biomejs/cli-win32-arm64@npm:1.6.0":
  version: 1.6.0
  resolution: "@biomejs/cli-win32-arm64@npm:1.6.0"
  conditions: os=win32 & cpu=arm64
  languageName: node
  linkType: hard

"@biomejs/cli-win32-x64@npm:1.6.0":
  version: 1.6.0
  resolution: "@biomejs/cli-win32-x64@npm:1.6.0"
  conditions: os=win32 & cpu=x64
  languageName: node
  linkType: hard

"@esbuild/aix-ppc64@npm:0.20.1":
  version: 0.20.1
  resolution: "@esbuild/aix-ppc64@npm:0.20.1"
  conditions: os=aix & cpu=ppc64
  languageName: node
  linkType: hard

"@esbuild/android-arm64@npm:0.20.1":
  version: 0.20.1
  resolution: "@esbuild/android-arm64@npm:0.20.1"
  conditions: os=android & cpu=arm64
  languageName: node
  linkType: hard

"@esbuild/android-arm@npm:0.20.1":
  version: 0.20.1
  resolution: "@esbuild/android-arm@npm:0.20.1"
  conditions: os=android & cpu=arm
  languageName: node
  linkType: hard

"@esbuild/android-x64@npm:0.20.1":
  version: 0.20.1
  resolution: "@esbuild/android-x64@npm:0.20.1"
  conditions: os=android & cpu=x64
  languageName: node
  linkType: hard

"@esbuild/darwin-arm64@npm:0.20.1":
  version: 0.20.1
  resolution: "@esbuild/darwin-arm64@npm:0.20.1"
  conditions: os=darwin & cpu=arm64
  languageName: node
  linkType: hard

"@esbuild/darwin-x64@npm:0.20.1":
  version: 0.20.1
  resolution: "@esbuild/darwin-x64@npm:0.20.1"
  conditions: os=darwin & cpu=x64
  languageName: node
  linkType: hard

"@esbuild/freebsd-arm64@npm:0.20.1":
  version: 0.20.1
  resolution: "@esbuild/freebsd-arm64@npm:0.20.1"
  conditions: os=freebsd & cpu=arm64
  languageName: node
  linkType: hard

"@esbuild/freebsd-x64@npm:0.20.1":
  version: 0.20.1
  resolution: "@esbuild/freebsd-x64@npm:0.20.1"
  conditions: os=freebsd & cpu=x64
  languageName: node
  linkType: hard

"@esbuild/linux-arm64@npm:0.20.1":
  version: 0.20.1
  resolution: "@esbuild/linux-arm64@npm:0.20.1"
  conditions: os=linux & cpu=arm64
  languageName: node
  linkType: hard

"@esbuild/linux-arm@npm:0.20.1":
  version: 0.20.1
  resolution: "@esbuild/linux-arm@npm:0.20.1"
  conditions: os=linux & cpu=arm
  languageName: node
  linkType: hard

"@esbuild/linux-ia32@npm:0.20.1":
  version: 0.20.1
  resolution: "@esbuild/linux-ia32@npm:0.20.1"
  conditions: os=linux & cpu=ia32
  languageName: node
  linkType: hard

"@esbuild/linux-loong64@npm:0.20.1":
  version: 0.20.1
  resolution: "@esbuild/linux-loong64@npm:0.20.1"
  conditions: os=linux & cpu=loong64
  languageName: node
  linkType: hard

"@esbuild/linux-mips64el@npm:0.20.1":
  version: 0.20.1
  resolution: "@esbuild/linux-mips64el@npm:0.20.1"
  conditions: os=linux & cpu=mips64el
  languageName: node
  linkType: hard

"@esbuild/linux-ppc64@npm:0.20.1":
  version: 0.20.1
  resolution: "@esbuild/linux-ppc64@npm:0.20.1"
  conditions: os=linux & cpu=ppc64
  languageName: node
  linkType: hard

"@esbuild/linux-riscv64@npm:0.20.1":
  version: 0.20.1
  resolution: "@esbuild/linux-riscv64@npm:0.20.1"
  conditions: os=linux & cpu=riscv64
  languageName: node
  linkType: hard

"@esbuild/linux-s390x@npm:0.20.1":
  version: 0.20.1
  resolution: "@esbuild/linux-s390x@npm:0.20.1"
  conditions: os=linux & cpu=s390x
  languageName: node
  linkType: hard

"@esbuild/linux-x64@npm:0.20.1":
  version: 0.20.1
  resolution: "@esbuild/linux-x64@npm:0.20.1"
  conditions: os=linux & cpu=x64
  languageName: node
  linkType: hard

"@esbuild/netbsd-x64@npm:0.20.1":
  version: 0.20.1
  resolution: "@esbuild/netbsd-x64@npm:0.20.1"
  conditions: os=netbsd & cpu=x64
  languageName: node
  linkType: hard

"@esbuild/openbsd-x64@npm:0.20.1":
  version: 0.20.1
  resolution: "@esbuild/openbsd-x64@npm:0.20.1"
  conditions: os=openbsd & cpu=x64
  languageName: node
  linkType: hard

"@esbuild/sunos-x64@npm:0.20.1":
  version: 0.20.1
  resolution: "@esbuild/sunos-x64@npm:0.20.1"
  conditions: os=sunos & cpu=x64
  languageName: node
  linkType: hard

"@esbuild/win32-arm64@npm:0.20.1":
  version: 0.20.1
  resolution: "@esbuild/win32-arm64@npm:0.20.1"
  conditions: os=win32 & cpu=arm64
  languageName: node
  linkType: hard

"@esbuild/win32-ia32@npm:0.20.1":
  version: 0.20.1
  resolution: "@esbuild/win32-ia32@npm:0.20.1"
  conditions: os=win32 & cpu=ia32
  languageName: node
  linkType: hard

"@esbuild/win32-x64@npm:0.20.1":
  version: 0.20.1
  resolution: "@esbuild/win32-x64@npm:0.20.1"
  conditions: os=win32 & cpu=x64
  languageName: node
  linkType: hard

"@espoal/archipelagus@workspace:.":
  version: 0.0.0-use.local
  resolution: "@espoal/archipelagus@workspace:."
  dependencies:
    "@biomejs/biome": "npm:1.6.0"
    "@libs/build": "workspace:*"
    "@types/node": "npm:20.11.26"
    typescript: "npm:5.4.2"
  languageName: unknown
  linkType: soft

"@isaacs/cliui@npm:^8.0.2":
  version: 8.0.2
  resolution: "@isaacs/cliui@npm:8.0.2"
  dependencies:
    string-width: "npm:^5.1.2"
    string-width-cjs: "npm:string-width@^4.2.0"
    strip-ansi: "npm:^7.0.1"
    strip-ansi-cjs: "npm:strip-ansi@^6.0.1"
    wrap-ansi: "npm:^8.1.0"
    wrap-ansi-cjs: "npm:wrap-ansi@^7.0.0"
  checksum: 10/e9ed5fd27c3aec1095e3a16e0c0cf148d1fee55a38665c35f7b3f86a9b5d00d042ddaabc98e8a1cb7463b9378c15f22a94eb35e99469c201453eb8375191f243
  languageName: node
  linkType: hard

"@libs/build@workspace:*, @libs/build@workspace:libs/build":
  version: 0.0.0-use.local
  resolution: "@libs/build@workspace:libs/build"
  dependencies:
    esbuild: "npm:0.20.1"
    glob: "npm:10.3.10"
  languageName: unknown
  linkType: soft

"@pkgjs/parseargs@npm:^0.11.0":
  version: 0.11.0
  resolution: "@pkgjs/parseargs@npm:0.11.0"
  checksum: 10/115e8ceeec6bc69dff2048b35c0ab4f8bbee12d8bb6c1f4af758604586d802b6e669dcb02dda61d078de42c2b4ddce41b3d9e726d7daa6b4b850f4adbf7333ff
  languageName: node
  linkType: hard

"@svcs/hello@workspace:svcs/hello":
  version: 0.0.0-use.local
  resolution: "@svcs/hello@workspace:svcs/hello"
  languageName: unknown
  linkType: soft

"@types/node@npm:20.11.26":
  version: 20.11.26
  resolution: "@types/node@npm:20.11.26"
  dependencies:
    undici-types: "npm:~5.26.4"
  checksum: 10/37a69017fc0e70bd52e106a7a0de21f78b29a869b2ab7b0539438ee6ce91cb9b49b80d6b68108e88fcc20e24cdc4dc00f6e8e1c28215d93412cb19a303572130
  languageName: node
  linkType: hard

"ansi-regex@npm:^5.0.1":
  version: 5.0.1
  resolution: "ansi-regex@npm:5.0.1"
  checksum: 10/2aa4bb54caf2d622f1afdad09441695af2a83aa3fe8b8afa581d205e57ed4261c183c4d3877cee25794443fde5876417d859c108078ab788d6af7e4fe52eb66b
  languageName: node
  linkType: hard

"ansi-regex@npm:^6.0.1":
  version: 6.0.1
  resolution: "ansi-regex@npm:6.0.1"
  checksum: 10/1ff8b7667cded1de4fa2c9ae283e979fc87036864317da86a2e546725f96406746411d0d85e87a2d12fa5abd715d90006de7fa4fa0477c92321ad3b4c7d4e169
  languageName: node
  linkType: hard

"ansi-styles@npm:^4.0.0":
  version: 4.3.0
  resolution: "ansi-styles@npm:4.3.0"
  dependencies:
    color-convert: "npm:^2.0.1"
  checksum: 10/b4494dfbfc7e4591b4711a396bd27e540f8153914123dccb4cdbbcb514015ada63a3809f362b9d8d4f6b17a706f1d7bea3c6f974b15fa5ae76b5b502070889ff
  languageName: node
  linkType: hard

"ansi-styles@npm:^6.1.0":
  version: 6.2.1
  resolution: "ansi-styles@npm:6.2.1"
  checksum: 10/70fdf883b704d17a5dfc9cde206e698c16bcd74e7f196ab821511651aee4f9f76c9514bdfa6ca3a27b5e49138b89cb222a28caf3afe4567570139577f991df32
  languageName: node
  linkType: hard

"balanced-match@npm:^1.0.0":
  version: 1.0.2
  resolution: "balanced-match@npm:1.0.2"
  checksum: 10/9706c088a283058a8a99e0bf91b0a2f75497f185980d9ffa8b304de1d9e58ebda7c72c07ebf01dadedaac5b2907b2c6f566f660d62bd336c3468e960403b9d65
  languageName: node
  linkType: hard

"brace-expansion@npm:^2.0.1":
  version: 2.0.1
  resolution: "brace-expansion@npm:2.0.1"
  dependencies:
    balanced-match: "npm:^1.0.0"
  checksum: 10/a61e7cd2e8a8505e9f0036b3b6108ba5e926b4b55089eeb5550cd04a471fe216c96d4fe7e4c7f995c728c554ae20ddfc4244cad10aef255e72b62930afd233d1
  languageName: node
  linkType: hard

"color-convert@npm:^2.0.1":
  version: 2.0.1
  resolution: "color-convert@npm:2.0.1"
  dependencies:
    color-name: "npm:~1.1.4"
  checksum: 10/fa00c91b4332b294de06b443923246bccebe9fab1b253f7fe1772d37b06a2269b4039a85e309abe1fe11b267b11c08d1d0473fda3badd6167f57313af2887a64
  languageName: node
  linkType: hard

"color-name@npm:~1.1.4":
  version: 1.1.4
  resolution: "color-name@npm:1.1.4"
  checksum: 10/b0445859521eb4021cd0fb0cc1a75cecf67fceecae89b63f62b201cca8d345baf8b952c966862a9d9a2632987d4f6581f0ec8d957dfacece86f0a7919316f610
  languageName: node
  linkType: hard

"cross-spawn@npm:^7.0.0":
  version: 7.0.3
  resolution: "cross-spawn@npm:7.0.3"
  dependencies:
    path-key: "npm:^3.1.0"
    shebang-command: "npm:^2.0.0"
    which: "npm:^2.0.1"
  checksum: 10/e1a13869d2f57d974de0d9ef7acbf69dc6937db20b918525a01dacb5032129bd552d290d886d981e99f1b624cb03657084cc87bd40f115c07ecf376821c729ce
  languageName: node
  linkType: hard

"docs@workspace:docs":
  version: 0.0.0-use.local
  resolution: "docs@workspace:docs"
  languageName: unknown
  linkType: soft

"eastasianwidth@npm:^0.2.0":
  version: 0.2.0
  resolution: "eastasianwidth@npm:0.2.0"
  checksum: 10/9b1d3e1baefeaf7d70799db8774149cef33b97183a6addceeba0cf6b85ba23ee2686f302f14482006df32df75d32b17c509c143a3689627929e4a8efaf483952
  languageName: node
  linkType: hard

"emoji-regex@npm:^8.0.0":
  version: 8.0.0
  resolution: "emoji-regex@npm:8.0.0"
  checksum: 10/c72d67a6821be15ec11997877c437491c313d924306b8da5d87d2a2bcc2cec9903cb5b04ee1a088460501d8e5b44f10df82fdc93c444101a7610b80c8b6938e1
  languageName: node
  linkType: hard

"emoji-regex@npm:^9.2.2":
  version: 9.2.2
  resolution: "emoji-regex@npm:9.2.2"
  checksum: 10/915acf859cea7131dac1b2b5c9c8e35c4849e325a1d114c30adb8cd615970f6dca0e27f64f3a4949d7d6ed86ecd79a1c5c63f02e697513cddd7b5835c90948b8
  languageName: node
  linkType: hard

"esbuild@npm:0.20.1":
  version: 0.20.1
  resolution: "esbuild@npm:0.20.1"
  dependencies:
    "@esbuild/aix-ppc64": "npm:0.20.1"
    "@esbuild/android-arm": "npm:0.20.1"
    "@esbuild/android-arm64": "npm:0.20.1"
    "@esbuild/android-x64": "npm:0.20.1"
    "@esbuild/darwin-arm64": "npm:0.20.1"
    "@esbuild/darwin-x64": "npm:0.20.1"
    "@esbuild/freebsd-arm64": "npm:0.20.1"
    "@esbuild/freebsd-x64": "npm:0.20.1"
    "@esbuild/linux-arm": "npm:0.20.1"
    "@esbuild/linux-arm64": "npm:0.20.1"
    "@esbuild/linux-ia32": "npm:0.20.1"
    "@esbuild/linux-loong64": "npm:0.20.1"
    "@esbuild/linux-mips64el": "npm:0.20.1"
    "@esbuild/linux-ppc64": "npm:0.20.1"
    "@esbuild/linux-riscv64": "npm:0.20.1"
    "@esbuild/linux-s390x": "npm:0.20.1"
    "@esbuild/linux-x64": "npm:0.20.1"
    "@esbuild/netbsd-x64": "npm:0.20.1"
    "@esbuild/openbsd-x64": "npm:0.20.1"
    "@esbuild/sunos-x64": "npm:0.20.1"
    "@esbuild/win32-arm64": "npm:0.20.1"
    "@esbuild/win32-ia32": "npm:0.20.1"
    "@esbuild/win32-x64": "npm:0.20.1"
  dependenciesMeta:
    "@esbuild/aix-ppc64":
      optional: true
    "@esbuild/android-arm":
      optional: true
    "@esbuild/android-arm64":
      optional: true
    "@esbuild/android-x64":
      optional: true
    "@esbuild/darwin-arm64":
      optional: true
    "@esbuild/darwin-x64":
      optional: true
    "@esbuild/freebsd-arm64":
      optional: true
    "@esbuild/freebsd-x64":
      optional: true
    "@esbuild/linux-arm":
      optional: true
    "@esbuild/linux-arm64":
      optional: true
    "@esbuild/linux-ia32":
      optional: true
    "@esbuild/linux-loong64":
      optional: true
    "@esbuild/linux-mips64el":
      optional: true
    "@esbuild/linux-ppc64":
      optional: true
    "@esbuild/linux-riscv64":
      optional: true
    "@esbuild/linux-s390x":
      optional: true
    "@esbuild/linux-x64":
      optional: true
    "@esbuild/netbsd-x64":
      optional: true
    "@esbuild/openbsd-x64":
      optional: true
    "@esbuild/sunos-x64":
      optional: true
    "@esbuild/win32-arm64":
      optional: true
    "@esbuild/win32-ia32":
      optional: true
    "@esbuild/win32-x64":
      optional: true
  bin:
    esbuild: bin/esbuild
  checksum: 10/b672fd5df28ae917e2b16e77edbbf6b3099c390ab0a9d4cd331f78b4a4567cf33f506a055e1aa272ac90f7f522835b2173abea9bac6c38906acfda68e60a7ab7
  languageName: node
  linkType: hard

"foreground-child@npm:^3.1.0":
  version: 3.1.1
  resolution: "foreground-child@npm:3.1.1"
  dependencies:
    cross-spawn: "npm:^7.0.0"
    signal-exit: "npm:^4.0.1"
  checksum: 10/087edd44857d258c4f73ad84cb8df980826569656f2550c341b27adf5335354393eec24ea2fabd43a253233fb27cee177ebe46bd0b7ea129c77e87cb1e9936fb
  languageName: node
  linkType: hard

"glob@npm:10.3.10":
  version: 10.3.10
  resolution: "glob@npm:10.3.10"
  dependencies:
    foreground-child: "npm:^3.1.0"
    jackspeak: "npm:^2.3.5"
    minimatch: "npm:^9.0.1"
    minipass: "npm:^5.0.0 || ^6.0.2 || ^7.0.0"
    path-scurry: "npm:^1.10.1"
  bin:
    glob: dist/esm/bin.mjs
  checksum: 10/38bdb2c9ce75eb5ed168f309d4ed05b0798f640b637034800a6bf306f39d35409bf278b0eaaffaec07591085d3acb7184a201eae791468f0f617771c2486a6a8
  languageName: node
  linkType: hard

"is-fullwidth-code-point@npm:^3.0.0":
  version: 3.0.0
  resolution: "is-fullwidth-code-point@npm:3.0.0"
  checksum: 10/44a30c29457c7fb8f00297bce733f0a64cd22eca270f83e58c105e0d015e45c019491a4ab2faef91ab51d4738c670daff901c799f6a700e27f7314029e99e348
  languageName: node
  linkType: hard

"isexe@npm:^2.0.0":
  version: 2.0.0
  resolution: "isexe@npm:2.0.0"
  checksum: 10/7c9f715c03aff08f35e98b1fadae1b9267b38f0615d501824f9743f3aab99ef10e303ce7db3f186763a0b70a19de5791ebfc854ff884d5a8c4d92211f642ec92
  languageName: node
  linkType: hard

"jackspeak@npm:^2.3.5":
  version: 2.3.6
  resolution: "jackspeak@npm:2.3.6"
  dependencies:
    "@isaacs/cliui": "npm:^8.0.2"
    "@pkgjs/parseargs": "npm:^0.11.0"
  dependenciesMeta:
    "@pkgjs/parseargs":
      optional: true
  checksum: 10/6e6490d676af8c94a7b5b29b8fd5629f21346911ebe2e32931c2a54210134408171c24cee1a109df2ec19894ad04a429402a8438cbf5cc2794585d35428ace76
  languageName: node
  linkType: hard

"lru-cache@npm:^9.1.1 || ^10.0.0":
  version: 10.2.0
  resolution: "lru-cache@npm:10.2.0"
  checksum: 10/502ec42c3309c0eae1ce41afca471f831c278566d45a5273a0c51102dee31e0e250a62fa9029c3370988df33a14188a38e682c16143b794de78668de3643e302
  languageName: node
  linkType: hard

"minimatch@npm:^9.0.1":
  version: 9.0.3
  resolution: "minimatch@npm:9.0.3"
  dependencies:
    brace-expansion: "npm:^2.0.1"
  checksum: 10/c81b47d28153e77521877649f4bab48348d10938df9e8147a58111fe00ef89559a2938de9f6632910c4f7bf7bb5cd81191a546167e58d357f0cfb1e18cecc1c5
  languageName: node
  linkType: hard

"minipass@npm:^5.0.0 || ^6.0.2 || ^7.0.0":
  version: 7.0.4
  resolution: "minipass@npm:7.0.4"
  checksum: 10/e864bd02ceb5e0707696d58f7ce3a0b89233f0d686ef0d447a66db705c0846a8dc6f34865cd85256c1472ff623665f616b90b8ff58058b2ad996c5de747d2d18
  languageName: node
  linkType: hard

"path-key@npm:^3.1.0":
  version: 3.1.1
  resolution: "path-key@npm:3.1.1"
  checksum: 10/55cd7a9dd4b343412a8386a743f9c746ef196e57c823d90ca3ab917f90ab9f13dd0ded27252ba49dbdfcab2b091d998bc446f6220cd3cea65db407502a740020
  languageName: node
  linkType: hard

"path-scurry@npm:^1.10.1":
  version: 1.10.1
  resolution: "path-scurry@npm:1.10.1"
  dependencies:
    lru-cache: "npm:^9.1.1 || ^10.0.0"
    minipass: "npm:^5.0.0 || ^6.0.2 || ^7.0.0"
  checksum: 10/eebfb8304fef1d4f7e1486df987e4fd77413de4fce16508dea69fcf8eb318c09a6b15a7a2f4c22877cec1cb7ecbd3071d18ca9de79eeece0df874a00f1f0bdc8
  languageName: node
  linkType: hard

"shebang-command@npm:^2.0.0":
  version: 2.0.0
  resolution: "shebang-command@npm:2.0.0"
  dependencies:
    shebang-regex: "npm:^3.0.0"
  checksum: 10/6b52fe87271c12968f6a054e60f6bde5f0f3d2db483a1e5c3e12d657c488a15474121a1d55cd958f6df026a54374ec38a4a963988c213b7570e1d51575cea7fa
  languageName: node
  linkType: hard

"shebang-regex@npm:^3.0.0":
  version: 3.0.0
  resolution: "shebang-regex@npm:3.0.0"
  checksum: 10/1a2bcae50de99034fcd92ad4212d8e01eedf52c7ec7830eedcf886622804fe36884278f2be8be0ea5fde3fd1c23911643a4e0f726c8685b61871c8908af01222
  languageName: node
  linkType: hard

"signal-exit@npm:^4.0.1":
  version: 4.1.0
  resolution: "signal-exit@npm:4.1.0"
  checksum: 10/c9fa63bbbd7431066174a48ba2dd9986dfd930c3a8b59de9c29d7b6854ec1c12a80d15310869ea5166d413b99f041bfa3dd80a7947bcd44ea8e6eb3ffeabfa1f
  languageName: node
  linkType: hard

"string-width-cjs@npm:string-width@^4.2.0, string-width@npm:^4.1.0":
  version: 4.2.3
  resolution: "string-width@npm:4.2.3"
  dependencies:
    emoji-regex: "npm:^8.0.0"
    is-fullwidth-code-point: "npm:^3.0.0"
    strip-ansi: "npm:^6.0.1"
  checksum: 10/e52c10dc3fbfcd6c3a15f159f54a90024241d0f149cf8aed2982a2d801d2e64df0bf1dc351cf8e95c3319323f9f220c16e740b06faecd53e2462df1d2b5443fb
  languageName: node
  linkType: hard

"string-width@npm:^5.0.1, string-width@npm:^5.1.2":
  version: 5.1.2
  resolution: "string-width@npm:5.1.2"
  dependencies:
    eastasianwidth: "npm:^0.2.0"
    emoji-regex: "npm:^9.2.2"
    strip-ansi: "npm:^7.0.1"
  checksum: 10/7369deaa29f21dda9a438686154b62c2c5f661f8dda60449088f9f980196f7908fc39fdd1803e3e01541970287cf5deae336798337e9319a7055af89dafa7193
  languageName: node
  linkType: hard

"strip-ansi-cjs@npm:strip-ansi@^6.0.1, strip-ansi@npm:^6.0.0, strip-ansi@npm:^6.0.1":
  version: 6.0.1
  resolution: "strip-ansi@npm:6.0.1"
  dependencies:
    ansi-regex: "npm:^5.0.1"
  checksum: 10/ae3b5436d34fadeb6096367626ce987057713c566e1e7768818797e00ac5d62023d0f198c4e681eae9e20701721980b26a64a8f5b91238869592a9c6800719a2
  languageName: node
  linkType: hard

"strip-ansi@npm:^7.0.1":
  version: 7.1.0
  resolution: "strip-ansi@npm:7.1.0"
  dependencies:
    ansi-regex: "npm:^6.0.1"
  checksum: 10/475f53e9c44375d6e72807284024ac5d668ee1d06010740dec0b9744f2ddf47de8d7151f80e5f6190fc8f384e802fdf9504b76a7e9020c9faee7103623338be2
  languageName: node
  linkType: hard

"tests@workspace:tests":
  version: 0.0.0-use.local
  resolution: "tests@workspace:tests"
  languageName: unknown
  linkType: soft

"typescript@npm:5.4.2":
  version: 5.4.2
  resolution: "typescript@npm:5.4.2"
  bin:
    tsc: bin/tsc
    tsserver: bin/tsserver
  checksum: 10/f8cfdc630ab1672f004e9561eb2916935b2d267792d07ce93e97fc601c7a65191af32033d5e9c0169b7dc37da7db9bf320f7432bc84527cb7697effaa4e4559d
  languageName: node
  linkType: hard

"typescript@patch:typescript@npm%3A5.4.2#optional!builtin<compat/typescript>":
  version: 5.4.2
  resolution: "typescript@patch:typescript@npm%3A5.4.2#optional!builtin<compat/typescript>::version=5.4.2&hash=5adc0c"
  bin:
    tsc: bin/tsc
    tsserver: bin/tsserver
  checksum: 10/f5f9a4133c2670761f0166eae5b3bafbc4a3fc24f0f42a93c9c893d9e9d6e66ea066969c5e7483fa66b4ae0e99125592553f3b92fd3599484de8be13b0615176
  languageName: node
  linkType: hard

"undici-types@npm:~5.26.4":
  version: 5.26.5
  resolution: "undici-types@npm:5.26.5"
  checksum: 10/0097779d94bc0fd26f0418b3a05472410408877279141ded2bd449167be1aed7ea5b76f756562cb3586a07f251b90799bab22d9019ceba49c037c76445f7cddd
  languageName: node
  linkType: hard

"which@npm:^2.0.1":
  version: 2.0.2
  resolution: "which@npm:2.0.2"
  dependencies:
    isexe: "npm:^2.0.0"
  bin:
    node-which: ./bin/node-which
  checksum: 10/4782f8a1d6b8fc12c65e968fea49f59752bf6302dc43036c3bf87da718a80710f61a062516e9764c70008b487929a73546125570acea95c5b5dcc8ac3052c70f
  languageName: node
  linkType: hard

"wrap-ansi-cjs@npm:wrap-ansi@^7.0.0":
  version: 7.0.0
  resolution: "wrap-ansi@npm:7.0.0"
  dependencies:
    ansi-styles: "npm:^4.0.0"
    string-width: "npm:^4.1.0"
    strip-ansi: "npm:^6.0.0"
  checksum: 10/cebdaeca3a6880da410f75209e68cd05428580de5ad24535f22696d7d9cab134d1f8498599f344c3cf0fb37c1715807a183778d8c648d6cc0cb5ff2bb4236540
  languageName: node
  linkType: hard

"wrap-ansi@npm:^8.1.0":
  version: 8.1.0
  resolution: "wrap-ansi@npm:8.1.0"
  dependencies:
    ansi-styles: "npm:^6.1.0"
    string-width: "npm:^5.0.1"
    strip-ansi: "npm:^7.0.1"
  checksum: 10/7b1e4b35e9bb2312d2ee9ee7dc95b8cb5f8b4b5a89f7dde5543fe66c1e3715663094defa50d75454ac900bd210f702d575f15f3f17fa9ec0291806d2578d1ddf
  languageName: node
  linkType: hard
